{
  "name": "de.medizininformatikinitiative.kerndatensatz.onkologie",
  "version": "2025.0.3",
  "lockfileVersion": 3,
  "requires": true,
  "packages": {
    "": {
      "name": "de.medizininformatikinitiative.kerndatensatz.onkologie",
      "version": "2025.0.3",
      "license": "CC0-1.0",
      "dependencies": {
        "de.basisprofil.r4": "1.5.x",
        "de.medizininformatikinitiative.kerndatensatz.biobank": "2025.0.x",
        "de.medizininformatikinitiative.kerndatensatz.diagnose": "2025.0.x",
        "de.medizininformatikinitiative.kerndatensatz.medikation": "2025.0.x",
        "de.medizininformatikinitiative.kerndatensatz.meta": "2025.0.x",
        "de.medizininformatikinitiative.kerndatensatz.molgen": "2025.0.x",
        "de.medizininformatikinitiative.kerndatensatz.prozedur": "2025.0.x",
        "hl7.fhir.uv.genomics-reporting": "^3.0.0"
      }
    },
    "node_modules/de.basisprofil.r4": {
      "version": "1.5.2",
      "resolved": "https://packages.simplifier.net/de.basisprofil.r4/1.5.2",
      "integrity": "sha1-88eXwIGwHLsvT2VlIk7qVfNX8Fw="
    },
    "node_modules/de.medizininformatikinitiative.kerndatensatz.biobank": {
      "version": "2025.0.4",
      "resolved": "https://packages.simplifier.net/de.medizininformatikinitiative.kerndatensatz.biobank/2025.0.4",
      "integrity": "sha1-xOovGzmPccL5/4JLbHcxhzpDDWk="
    },
    "node_modules/de.medizininformatikinitiative.kerndatensatz.diagnose": {
      "version": "2025.0.0",
      "resolved": "https://packages.simplifier.net/de.medizininformatikinitiative.kerndatensatz.diagnose/2025.0.0",
      "integrity": "sha1-IbIJVGhDjsSGq/tGpSi7bRl2Q6w="
    },
    "node_modules/de.medizininformatikinitiative.kerndatensatz.medikation": {
      "version": "2025.0.0",
      "resolved": "https://packages.simplifier.net/de.medizininformatikinitiative.kerndatensatz.medikation/2025.0.0",
      "integrity": "sha1-oSti6JLZpI06x2w1VcJltBXibCo="
    },
    "node_modules/de.medizininformatikinitiative.kerndatensatz.meta": {
      "version": "2025.0.0",
      "resolved": "https://packages.simplifier.net/de.medizininformatikinitiative.kerndatensatz.meta/2025.0.0",
      "integrity": "sha1-r8cQvx5GW7i2RF65BR6K3+iuT04="
    },
    "node_modules/de.medizininformatikinitiative.kerndatensatz.molgen": {
      "version": "2025.0.0",
      "resolved": "https://packages.simplifier.net/de.medizininformatikinitiative.kerndatensatz.molgen/2025.0.0",
      "integrity": "sha1-z2n1BXO9Lof9OvPt1AHZUQBGfuU="
    },
    "node_modules/de.medizininformatikinitiative.kerndatensatz.prozedur": {
      "version": "2025.0.0",
      "resolved": "https://packages.simplifier.net/de.medizininformatikinitiative.kerndatensatz.prozedur/2025.0.0",
      "integrity": "sha1-ZJpDTrIGfZ2OMItB2HJbX1whyng="
    },
    "node_modules/hl7.fhir.uv.genomics-reporting": {
      "version": "3.0.0",
      "resolved": "https://packages.simplifier.net/hl7.fhir.uv.genomics-reporting/3.0.0",
      "integrity": "sha1-7a0PEJ9DaNFHOjkDDu8dIfy+zeU="
    }
  }
}
